{
  "name": "react_test",
  "version": "0.1.0",
  "lockfileVersion": 1,
  "requires": true,
  "dependencies": {
    "@babel/runtime": {
      "version": "7.2.0",
      "resolved": "http://registry.npm.taobao.org/@babel/runtime/download/@babel/runtime-7.2.0.tgz",
      "integrity": "sha1-sD5C7t31iY4AZG5MhA+ge6jcrX8=",
      "requires": {
        "regenerator-runtime": "0.12.1"
      }
    },
    "@material-ui/core": {
      "version": "3.7.1",
      "resolved": "http://registry.npm.taobao.org/@material-ui/core/download/@material-ui/core-3.7.1.tgz",
      "integrity": "sha1-NThF1ZSJRT+0dKTeq9tiqY0ODvc=",
      "requires": {
        "@babel/runtime": "7.2.0",
        "@material-ui/utils": "3.0.0-alpha.1",
        "@types/jss": "9.5.7",
        "@types/react-transition-group": "2.0.15",
        "brcast": "3.0.1",
        "classnames": "2.2.6",
        "csstype": "2.5.8",
        "debounce": "1.2.0",
        "deepmerge": "3.0.0",
        "dom-helpers": "3.4.0",
        "hoist-non-react-statics": "3.2.1",
        "is-plain-object": "2.0.4",
        "jss": "9.8.7",
        "jss-camel-case": "6.1.0",
        "jss-default-unit": "8.0.2",
        "jss-global": "3.0.0",
        "jss-nested": "6.0.1",
        "jss-props-sort": "6.0.0",
        "jss-vendor-prefixer": "7.0.0",
        "keycode": "2.2.0",
        "normalize-scroll-left": "0.1.2",
        "popper.js": "1.14.6",
        "prop-types": "15.6.2",
        "react-event-listener": "0.6.4",
        "react-transition-group": "2.5.2",
        "recompose": "0.30.0",
        "warning": "4.0.2"
      }
    },
    "@material-ui/icons": {
      "version": "3.0.1",
      "resolved": "http://registry.npm.taobao.org/@material-ui/icons/download/@material-ui/icons-3.0.1.tgz",
      "integrity": "sha1-Zx+z0E3K+TUdu9K/gq4q5y49k80=",
      "requires": {
        "@babel/runtime": "7.0.0",
        "recompose": "0.29.0"
      },
      "dependencies": {
        "@babel/runtime": {
          "version": "7.0.0",
          "resolved": "http://registry.npm.taobao.org/@babel/runtime/download/@babel/runtime-7.0.0.tgz",
          "integrity": "sha1-ret4/t/IVaoFvAQWQPP2+Y6FQkw=",
          "requires": {
            "regenerator-runtime": "0.12.1"
          }
        },
        "hoist-non-react-statics": {
          "version": "2.5.5",
          "resolved": "http://registry.npm.taobao.org/hoist-non-react-statics/download/hoist-non-react-statics-2.5.5.tgz",
          "integrity": "sha1-xZA89AnA39kI84jmGdhrnBF0y0c="
        },
        "recompose": {
          "version": "0.29.0",
          "resolved": "http://registry.npm.taobao.org/recompose/download/recompose-0.29.0.tgz",
          "integrity": "sha1-8aTiDV8k1u8UQPg5JOgh3gsbzO8=",
          "requires": {
            "@babel/runtime": "7.0.0",
            "change-emitter": "0.1.6",
            "fbjs": "0.8.17",
            "hoist-non-react-statics": "2.5.5",
            "react-lifecycles-compat": "3.0.4",
            "symbol-observable": "1.2.0"
          }
        }
      }
    },
    "@material-ui/styles": {
      "version": "3.0.0-alpha.4",
      "resolved": "http://registry.npm.taobao.org/@material-ui/styles/download/@material-ui/styles-3.0.0-alpha.4.tgz",
      "integrity": "sha1-ykYD2ctayWEslTH5n7Rv6seukac=",
      "requires": {
        "@babel/runtime": "7.2.0",
        "@material-ui/utils": "3.0.0-alpha.1",
        "classnames": "2.2.6",
        "deepmerge": "3.0.0",
        "jss": "9.8.7",
        "jss-camel-case": "6.1.0",
        "jss-default-unit": "8.0.2",
        "jss-global": "3.0.0",
        "jss-nested": "6.0.1",
        "jss-props-sort": "6.0.0",
        "jss-vendor-prefixer": "7.0.0",
        "prop-types": "15.6.2",
        "warning": "4.0.2"
      }
    },
    "@material-ui/utils": {
      "version": "3.0.0-alpha.1",
      "resolved": "http://registry.npm.taobao.org/@material-ui/utils/download/@material-ui/utils-3.0.0-alpha.1.tgz",
      "integrity": "sha1-QIDUwD7/Q5wxdlxf/D2GDOs9/8A=",
      "requires": {
        "@babel/runtime": "7.2.0",
        "react-is": "16.7.0"
      }
    },
    "@types/jss": {
      "version": "9.5.7",
      "resolved": "http://registry.npm.taobao.org/@types/jss/download/@types/jss-9.5.7.tgz",
      "integrity": "sha1-+lem0LOKOr74pCXj62pTSVy51aA=",
      "requires": {
        "csstype": "2.5.8",
        "indefinite-observable": "1.0.2"
      }
    },
    "@types/prop-types": {
      "version": "15.5.8",
      "resolved": "http://registry.npm.taobao.org/@types/prop-types/download/@types/prop-types-15.5.8.tgz",
      "integrity": "sha1-iuTg6iBf6Vw5AaWh339mSV46Vs4="
    },
    "@types/react": {
      "version": "16.7.18",
      "resolved": "http://registry.npm.taobao.org/@types/react/download/@types/react-16.7.18.tgz",
      "integrity": "sha1-9M4NU5qJPdYeNs0RrjpeVPWkgzc=",
      "requires": {
        "@types/prop-types": "15.5.8",
        "csstype": "2.5.8"
      }
    },
    "@types/react-transition-group": {
      "version": "2.0.15",
      "resolved": "http://registry.npm.taobao.org/@types/react-transition-group/download/@types/react-transition-group-2.0.15.tgz",
      "integrity": "sha1-5e4/5ViDLhQcxgQb3VTK6nt4evg=",
      "requires": {
        "@types/react": "16.7.18"
      }
    },
    "asap": {
      "version": "2.0.6",
      "resolved": "http://registry.npm.taobao.org/asap/download/asap-2.0.6.tgz",
      "integrity": "sha1-5QNHYR1+aQlDIIu9r+vLwvuGbUY="
    },
    "brcast": {
      "version": "3.0.1",
      "resolved": "http://registry.npm.taobao.org/brcast/download/brcast-3.0.1.tgz",
      "integrity": "sha1-YlaoNJsg3p7tRCV6myTXFJPNSN0="
    },
    "change-emitter": {
      "version": "0.1.6",
      "resolved": "http://registry.npm.taobao.org/change-emitter/download/change-emitter-0.1.6.tgz",
      "integrity": "sha1-6LL+PX8at9aaMhma/5HqaTFAlRU="
    },
    "classnames": {
      "version": "2.2.6",
      "resolved": "http://registry.npm.taobao.org/classnames/download/classnames-2.2.6.tgz",
      "integrity": "sha1-Q5Nb/90pHzJtrQogUwmzjQD2UM4="
    },
    "core-js": {
      "version": "1.2.7",
      "resolved": "http://registry.npm.taobao.org/core-js/download/core-js-1.2.7.tgz",
      "integrity": "sha1-ZSKUwUZR2yj6k70tX/KYOk8IxjY="
    },
    "css-vendor": {
      "version": "0.3.8",
      "resolved": "http://registry.npm.taobao.org/css-vendor/download/css-vendor-0.3.8.tgz",
      "integrity": "sha1-ZCHP0wNM5mT+dnOXL9ARn8KJQfo=",
      "requires": {
        "is-in-browser": "1.1.3"
      }
    },
    "csstype": {
      "version": "2.5.8",
      "resolved": "http://registry.npm.taobao.org/csstype/download/csstype-2.5.8.tgz",
      "integrity": "sha1-TOWqFuoNVi75EF+jriZ28ZlYajU="
    },
    "debounce": {
      "version": "1.2.0",
      "resolved": "http://registry.npm.taobao.org/debounce/download/debounce-1.2.0.tgz",
      "integrity": "sha1-RKVAq8DqmUMBjcDqqVzOh/Zc0TE="
    },
    "deepmerge": {
      "version": "3.0.0",
      "resolved": "http://registry.npm.taobao.org/deepmerge/download/deepmerge-3.0.0.tgz",
      "integrity": "sha1-ynkDs0v6H4wuq2d5KAd1pBG/xro="
    },
    "dom-helpers": {
      "version": "3.4.0",
      "resolved": "http://registry.npm.taobao.org/dom-helpers/download/dom-helpers-3.4.0.tgz",
      "integrity": "sha1-6bNpcA+Vn2Ls3lprq95LzNkWmvg=",
      "requires": {
        "@babel/runtime": "7.2.0"
      }
    },
    "encoding": {
      "version": "0.1.12",
      "resolved": "http://registry.npm.taobao.org/encoding/download/encoding-0.1.12.tgz",
      "integrity": "sha1-U4tm8+5izRq1HsMjgp0flIDHS+s=",
      "requires": {
        "iconv-lite": "0.4.24"
      }
    },
    "fbjs": {
      "version": "0.8.17",
      "resolved": "http://registry.npm.taobao.org/fbjs/download/fbjs-0.8.17.tgz",
      "integrity": "sha1-xNWY6taUkRJlPWWIsBpc3Nn5D90=",
      "requires": {
        "core-js": "1.2.7",
        "isomorphic-fetch": "2.2.1",
        "loose-envify": "1.4.0",
        "object-assign": "4.1.1",
        "promise": "7.3.1",
        "setimmediate": "1.0.5",
        "ua-parser-js": "0.7.19"
      }
    },
    "hoist-non-react-statics": {
      "version": "3.2.1",
      "resolved": "http://registry.npm.taobao.org/hoist-non-react-statics/download/hoist-non-react-statics-3.2.1.tgz",
      "integrity": "sha1-wJwFVchLOKft5pErYe/dr9bnXh4=",
      "requires": {
        "react-is": "16.7.0"
      }
    },
    "hyphenate-style-name": {
      "version": "1.0.2",
      "resolved": "http://registry.npm.taobao.org/hyphenate-style-name/download/hyphenate-style-name-1.0.2.tgz",
      "integrity": "sha1-MRYKNpMK2vH8BMYHT360FGXU7Es="
    },
    "iconv-lite": {
      "version": "0.4.24",
      "resolved": "http://registry.npm.taobao.org/iconv-lite/download/iconv-lite-0.4.24.tgz",
      "integrity": "sha1-ICK0sl+93CHS9SSXSkdKr+czkIs=",
      "requires": {
        "safer-buffer": "2.1.2"
      }
    },
    "indefinite-observable": {
      "version": "1.0.2",
      "resolved": "http://registry.npm.taobao.org/indefinite-observable/download/indefinite-observable-1.0.2.tgz",
      "integrity": "sha1-CjKHk6sjhdS53KI+qrSv5pNqc/g=",
      "requires": {
        "symbol-observable": "1.2.0"
      }
    },
    "is-in-browser": {
      "version": "1.1.3",
      "resolved": "http://registry.npm.taobao.org/is-in-browser/download/is-in-browser-1.1.3.tgz",
      "integrity": "sha1-Vv9NtoOgeMYILrldrX3GLh0E+DU="
    },
    "is-plain-object": {
      "version": "2.0.4",
      "resolved": "http://registry.npm.taobao.org/is-plain-object/download/is-plain-object-2.0.4.tgz",
      "integrity": "sha1-LBY7P6+xtgbZ0Xko8FwqHDjgdnc=",
      "requires": {
        "isobject": "3.0.1"
      }
    },
    "is-stream": {
      "version": "1.1.0",
      "resolved": "http://registry.npm.taobao.org/is-stream/download/is-stream-1.1.0.tgz",
      "integrity": "sha1-EtSj3U5o4Lec6428hBc66A2RykQ="
    },
    "isobject": {
      "version": "3.0.1",
      "resolved": "http://registry.npm.taobao.org/isobject/download/isobject-3.0.1.tgz",
      "integrity": "sha1-TkMekrEalzFjaqH5yNHMvP2reN8="
    },
    "isomorphic-fetch": {
      "version": "2.2.1",
      "resolved": "http://registry.npm.taobao.org/isomorphic-fetch/download/isomorphic-fetch-2.2.1.tgz",
      "integrity": "sha1-YRrhrPFPXoH3KVB0coGf6XM1WKk=",
      "requires": {
        "node-fetch": "1.7.3",
        "whatwg-fetch": "3.0.0"
      }
    },
    "js-tokens": {
      "version": "4.0.0",
      "resolved": "http://registry.npm.taobao.org/js-tokens/download/js-tokens-4.0.0.tgz",
      "integrity": "sha1-GSA/tZmR35jjoocFDUZHzerzJJk="
    },
    "jss": {
      "version": "9.8.7",
      "resolved": "http://registry.npm.taobao.org/jss/download/jss-9.8.7.tgz",
      "integrity": "sha1-7Zdj/A8vAmD8gmDaxlevYeYizgU=",
      "requires": {
        "is-in-browser": "1.1.3",
        "symbol-observable": "1.2.0",
        "warning": "3.0.0"
      },
      "dependencies": {
        "warning": {
          "version": "3.0.0",
          "resolved": "http://registry.npm.taobao.org/warning/download/warning-3.0.0.tgz",
          "integrity": "sha1-MuU3fLVy3kqwR1O9+IIcAe1gW3w=",
          "requires": {
            "loose-envify": "1.4.0"
          }
        }
      }
    },
    "jss-camel-case": {
      "version": "6.1.0",
      "resolved": "http://registry.npm.taobao.org/jss-camel-case/download/jss-camel-case-6.1.0.tgz",
      "integrity": "sha1-zLH/jWxwHAKh/tb7b7a3iW4RzkQ=",
      "requires": {
        "hyphenate-style-name": "1.0.2"
      }
    },
    "jss-default-unit": {
      "version": "8.0.2",
      "resolved": "http://registry.npm.taobao.org/jss-default-unit/download/jss-default-unit-8.0.2.tgz",
      "integrity": "sha1-zB6Im65MC5QZMnsxSrHI4oJokOY="
    },
    "jss-global": {
      "version": "3.0.0",
      "resolved": "http://registry.npm.taobao.org/jss-global/download/jss-global-3.0.0.tgz",
      "integrity": "sha1-4Z5ckasrljU8In4wqiy9k4zar6I="
    },
    "jss-nested": {
      "version": "6.0.1",
      "resolved": "http://registry.npm.taobao.org/jss-nested/download/jss-nested-6.0.1.tgz",
      "integrity": "sha1-75kredbo9j2TnEOXudmbXLvoJMo=",
      "requires": {
        "warning": "3.0.0"
      },
      "dependencies": {
        "warning": {
          "version": "3.0.0",
          "resolved": "http://registry.npm.taobao.org/warning/download/warning-3.0.0.tgz",
          "integrity": "sha1-MuU3fLVy3kqwR1O9+IIcAe1gW3w=",
          "requires": {
            "loose-envify": "1.4.0"
          }
        }
      }
    },
    "jss-props-sort": {
      "version": "6.0.0",
      "resolved": "http://registry.npm.taobao.org/jss-props-sort/download/jss-props-sort-6.0.0.tgz",
      "integrity": "sha1-kQUQGjtQcfq2Hi2F6nTMIumxYyM="
    },
    "jss-vendor-prefixer": {
      "version": "7.0.0",
      "resolved": "http://registry.npm.taobao.org/jss-vendor-prefixer/download/jss-vendor-prefixer-7.0.0.tgz",
      "integrity": "sha1-AWZyllABXvGdnwJDfHNmcjFgXHE=",
      "requires": {
        "css-vendor": "0.3.8"
      }
    },
    "keycode": {
      "version": "2.2.0",
      "resolved": "http://registry.npm.taobao.org/keycode/download/keycode-2.2.0.tgz",
      "integrity": "sha1-PQr1bce4uOXLqNCpfxByBO7CKwQ="
    },
    "loose-envify": {
      "version": "1.4.0",
      "resolved": "http://registry.npm.taobao.org/loose-envify/download/loose-envify-1.4.0.tgz",
      "integrity": "sha1-ce5R+nvkyuwaY4OffmgtgTLTDK8=",
      "requires": {
        "js-tokens": "4.0.0"
      }
    },
    "node-fetch": {
      "version": "1.7.3",
      "resolved": "http://registry.npm.taobao.org/node-fetch/download/node-fetch-1.7.3.tgz",
      "integrity": "sha1-mA9vcthSEaU0fGsrwYxbhMPrR+8=",
      "requires": {
        "encoding": "0.1.12",
        "is-stream": "1.1.0"
      }
    },
    "normalize-scroll-left": {
      "version": "0.1.2",
      "resolved": "http://registry.npm.taobao.org/normalize-scroll-left/download/normalize-scroll-left-0.1.2.tgz",
      "integrity": "sha1-a3lpG6eetfsQf6Xt+9wGtVyu4qo="
    },
    "object-assign": {
      "version": "4.1.1",
      "resolved": "http://registry.npm.taobao.org/object-assign/download/object-assign-4.1.1.tgz",
      "integrity": "sha1-IQmtx5ZYh8/AXLvUQsrIv7s2CGM="
    },
    "popper.js": {
      "version": "1.14.6",
      "resolved": "http://registry.npm.taobao.org/popper.js/download/popper.js-1.14.6.tgz",
      "integrity": "sha1-qyDdTt+SiLiztlMcR8NhEHtgtLA="
    },
    "promise": {
      "version": "7.3.1",
      "resolved": "http://registry.npm.taobao.org/promise/download/promise-7.3.1.tgz",
      "integrity": "sha1-BktyYCsY+Q8pGSuLG8QY/9Hr078=",
      "requires": {
        "asap": "2.0.6"
      }
    },
    "prop-types": {
      "version": "15.6.2",
      "resolved": "http://registry.npm.taobao.org/prop-types/download/prop-types-15.6.2.tgz",
      "integrity": "sha1-BdXKd7RFPphdYPx/+MhZCUpJcQI=",
      "requires": {
        "loose-envify": "1.4.0",
        "object-assign": "4.1.1"
      }
    },
    "react": {
      "version": "16.7.0",
      "resolved": "https://registry.npmjs.org/react/-/react-0.0.0-4a1072194.tgz",
      "integrity": "sha512-ZUj2lkUDLjwJaGu4WD0dYSvsfIyhQt2l/AJDlg4ij+rCDU3fSFKgHWanNovViUoaWHAxgrpft3KGFfvWPZH5LA==",
      "requires": {
        "loose-envify": "1.4.0",
        "object-assign": "4.1.1",
        "prop-types": "15.6.2",
        "scheduler": "0.12.0"
      }
    },
    "react-dom": {
      "version": "16.7.0",
      "resolved": "https://registry.npmjs.org/react-dom/-/react-dom-0.0.0-4a1072194.tgz",
      "integrity": "sha512-GfG8Vh/jMcnJKDpv7T6O1pS/WVqiocjPQ9o9cscW8bjR9W36DT3Xb4pDZT70t1xyVvX48/NrTQGz0H7I3fCLhQ==",
      "requires": {
        "loose-envify": "1.4.0",
        "object-assign": "4.1.1",
        "prop-types": "15.6.2",
        "scheduler": "0.12.0"
      }
    },
    "react-event-listener": {
      "version": "0.6.4",
      "resolved": "http://registry.npm.taobao.org/react-event-listener/download/react-event-listener-0.6.4.tgz",
      "integrity": "sha1-0Ope2JfaGnlmFsRLWodYiYFA8gM=",
      "requires": {
        "@babel/runtime": "7.0.0",
        "prop-types": "15.6.2",
        "warning": "4.0.2"
      },
      "dependencies": {
        "@babel/runtime": {
          "version": "7.0.0",
          "resolved": "http://registry.npm.taobao.org/@babel/runtime/download/@babel/runtime-7.0.0.tgz",
          "integrity": "sha1-ret4/t/IVaoFvAQWQPP2+Y6FQkw=",
          "requires": {
            "regenerator-runtime": "0.12.1"
          }
        }
      }
    },
    "react-is": {
      "version": "16.7.0",
      "resolved": "http://registry.npm.taobao.org/react-is/download/react-is-16.7.0.tgz",
      "integrity": "sha1-wb0hxk8fE2TG9waV7ALWk5L0G/o="
    },
    "react-lifecycles-compat": {
      "version": "3.0.4",
      "resolved": "http://registry.npm.taobao.org/react-lifecycles-compat/download/react-lifecycles-compat-3.0.4.tgz",
      "integrity": "sha1-TxonOv38jzSIqMUWv9p4+HI1I2I="
    },
    "react-transition-group": {
      "version": "2.5.2",
      "resolved": "http://registry.npm.taobao.org/react-transition-group/download/react-transition-group-2.5.2.tgz",
      "integrity": "sha1-lFcWapumzml6PhsHazwEm5+yxAg=",
      "requires": {
        "dom-helpers": "3.4.0",
        "loose-envify": "1.4.0",
        "prop-types": "15.6.2",
        "react-lifecycles-compat": "3.0.4"
      }
    },
    "recompose": {
      "version": "0.30.0",
      "resolved": "http://registry.npm.taobao.org/recompose/download/recompose-0.30.0.tgz",
      "integrity": "sha1-gnc2QbOSfox9JKDYfWWu66GKq9A=",
      "requires": {
        "@babel/runtime": "7.2.0",
        "change-emitter": "0.1.6",
        "fbjs": "0.8.17",
        "hoist-non-react-statics": "2.5.5",
        "react-lifecycles-compat": "3.0.4",
        "symbol-observable": "1.2.0"
      },
      "dependencies": {
        "hoist-non-react-statics": {
          "version": "2.5.5",
          "resolved": "http://registry.npm.taobao.org/hoist-non-react-statics/download/hoist-non-react-statics-2.5.5.tgz",
          "integrity": "sha1-xZA89AnA39kI84jmGdhrnBF0y0c="
        }
      }
    },
    "regenerator-runtime": {
      "version": "0.12.1",
      "resolved": "http://registry.npm.taobao.org/regenerator-runtime/download/regenerator-runtime-0.12.1.tgz",
      "integrity": "sha1-+hpxVEdkwDb4xJsToIsllMn4oN4="
    },
    "safer-buffer": {
      "version": "2.1.2",
      "resolved": "http://registry.npm.taobao.org/safer-buffer/download/safer-buffer-2.1.2.tgz",
      "integrity": "sha1-RPoWGwGHuVSd2Eu5GAL5vYOFzWo="
    },
    "scheduler": {
      "version": "0.12.0",
      "resolved": "https://registry.npmjs.org/scheduler/-/scheduler-0.0.0-4a1072194.tgz",
      "integrity": "sha512-U+PqKfBcR39RFbJrlJPFwDXG2iLOZBGOPzNSWTAGUoOfTiL8qHTkemJeyV5CcL0UyaRgR8g3S469cNWFs/SHIw==",
      "requires": {
        "loose-envify": "1.4.0",
        "object-assign": "4.1.1"
      }
    },
    "setimmediate": {
      "version": "1.0.5",
      "resolved": "http://registry.npm.taobao.org/setimmediate/download/setimmediate-1.0.5.tgz",
      "integrity": "sha1-KQy7Iy4waULX1+qbg3Mqt4VvgoU="
    },
    "symbol-observable": {
      "version": "1.2.0",
      "resolved": "http://registry.npm.taobao.org/symbol-observable/download/symbol-observable-1.2.0.tgz",
      "integrity": "sha1-wiaIrtTqs83C3+rLtWFmBWCgCAQ="
    },
    "ua-parser-js": {
      "version": "0.7.19",
      "resolved": "http://registry.npm.taobao.org/ua-parser-js/download/ua-parser-js-0.7.19.tgz",
      "integrity": "sha1-lBUb5MCn+x0AGvcCL9rKRkJlnks="
    },
    "warning": {
      "version": "4.0.2",
      "resolved": "http://registry.npm.taobao.org/warning/download/warning-4.0.2.tgz",
      "integrity": "sha1-qmh2SAhyEW+j4R1DSw0NjZHkRgc=",
      "requires": {
        "loose-envify": "1.4.0"
      }
    },
    "whatwg-fetch": {
      "version": "3.0.0",
      "resolved": "http://registry.npm.taobao.org/whatwg-fetch/download/whatwg-fetch-3.0.0.tgz",
      "integrity": "sha1-/IBORYzEYACbGiuWa8iBfSV4rvs="
    }
  }
}
